
Microsoft Visual Studio Solution File, Format Version 12.00
# Visual Studio 15
VisualStudioVersion = 15.0.26124.0
MinimumVisualStudioVersion = 15.0.26124.0
Project("{9A19103F-16F7-4668-BE54-9A1E7A4F7556}") = "StWebApi", "StWebApi\StWebApi.csproj", "{BCA37C09-899E-45BA-B6DA-08F18F62D091}"
EndProject
Global
	GlobalSection(SolutionConfigurationPlatforms) = preSolution
		Debug|Any CPU = Debug|Any CPU
		Debug|x64 = Debug|x64
		Debug|x86 = Debug|x86
		Release|Any CPU = Release|Any CPU
		Release|x64 = Release|x64
		Release|x86 = Release|x86
	EndGlobalSection
	GlobalSection(ProjectConfigurationPlatforms) = postSolution
		{BCA37C09-899E-45BA-B6DA-08F18F62D091}.Debug|Any CPU.ActiveCfg = Debug|Any CPU
		{BCA37C09-899E-45BA-B6DA-08F18F62D091}.Debug|Any CPU.Build.0 = Debug|Any CPU
		{BCA37C09-899E-45BA-B6DA-08F18F62D091}.Debug|x64.ActiveCfg = Debug|Any CPU
		{BCA37C09-899E-45BA-B6DA-08F18F62D091}.Debug|x64.Build.0 = Debug|Any CPU
		{BCA37C09-899E-45BA-B6DA-08F18F62D091}.Debug|x86.ActiveCfg = Debug|Any CPU
		{BCA37C09-899E-45BA-B6DA-08F18F62D091}.Debug|x86.Build.0 = Debug|Any CPU
		{BCA37C09-899E-45BA-B6DA-08F18F62D091}.Release|Any CPU.ActiveCfg = Release|Any CPU
		{BCA37C09-899E-45BA-B6DA-08F18F62D091}.Release|Any CPU.Build.0 = Release|Any CPU
		{BCA37C09-899E-45BA-B6DA-08F18F62D091}.Release|x64.ActiveCfg = Release|Any CPU
		{BCA37C09-899E-45BA-B6DA-08F18F62D091}.Release|x64.Build.0 = Release|Any CPU
		{BCA37C09-899E-45BA-B6DA-08F18F62D091}.Release|x86.ActiveCfg = Release|Any CPU
		{BCA37C09-899E-45BA-B6DA-08F18F62D091}.Release|x86.Build.0 = Release|Any CPU
	EndGlobalSection
	GlobalSection(SolutionProperties) = preSolution
		HideSolutionNode = FALSE
	EndGlobalSection
	GlobalSection(ExtensibilityGlobals) = postSolution
		SolutionGuid = {4ABA2F8A-713D-4E02-920E-7E2F3A0155DA}
	EndGlobalSection
EndGlobal
